# THIS IS AN AUTOGENERATED FILE. DO NOT EDIT THIS FILE DIRECTLY.
# yarn lockfile v1


"@aws-crypto/crc32@5.2.0":
  version "5.2.0"
  resolved "https://registry.yarnpkg.com/@aws-crypto/crc32/-/crc32-5.2.0.tgz#cfcc22570949c98c6689cfcbd2d693d36cdae2e1"
  integrity sha512-nLbCWqQNgUiwwtFsen1AdzAtvuLRsQS8rYgMuxCrdKf9kOssamGLuPwyTY9wyYblNr9+1XM8v6zoDTPPSIeANg==
  dependencies:
    "@aws-crypto/util" "^5.2.0"
    "@aws-sdk/types" "^3.222.0"
    tslib "^2.6.2"

"@aws-crypto/crc32c@5.2.0":
  version "5.2.0"
  resolved "https://registry.yarnpkg.com/@aws-crypto/crc32c/-/crc32c-5.2.0.tgz#4e34aab7f419307821509a98b9b08e84e0c1917e"
  integrity sha512-+iWb8qaHLYKrNvGRbiYRHSdKRWhto5XlZUEBwDjYNf+ly5SVYG6zEoYIdxvf5R3zyeP16w4PLBn3rH1xc74Rag==
  dependencies:
    "@aws-crypto/util" "^5.2.0"
    "@aws-sdk/types" "^3.222.0"
    tslib "^2.6.2"

"@aws-crypto/sha1-browser@5.2.0":
  version "5.2.0"
  resolved "https://registry.yarnpkg.com/@aws-crypto/sha1-browser/-/sha1-browser-5.2.0.tgz#b0ee2d2821d3861f017e965ef3b4cb38e3b6a0f4"
  integrity sha512-OH6lveCFfcDjX4dbAvCFSYUjJZjDr/3XJ3xHtjn3Oj5b9RjojQo8npoLeA/bNwkOkrSQ0wgrHzXk4tDRxGKJeg==
  dependencies:
    "@aws-crypto/supports-web-crypto" "^5.2.0"
    "@aws-crypto/util" "^5.2.0"
    "@aws-sdk/types" "^3.222.0"
    "@aws-sdk/util-locate-window" "^3.0.0"
    "@smithy/util-utf8" "^2.0.0"
    tslib "^2.6.2"

"@aws-crypto/sha256-browser@5.2.0":
  version "5.2.0"
  resolved "https://registry.yarnpkg.com/@aws-crypto/sha256-browser/-/sha256-browser-5.2.0.tgz#153895ef1dba6f9fce38af550e0ef58988eb649e"
  integrity sha512-AXfN/lGotSQwu6HNcEsIASo7kWXZ5HYWvfOmSNKDsEqC4OashTp8alTmaz+F7TC2L083SFv5RdB+qU3Vs1kZqw==
  dependencies:
    "@aws-crypto/sha256-js" "^5.2.0"
    "@aws-crypto/supports-web-crypto" "^5.2.0"
    "@aws-crypto/util" "^5.2.0"
    "@aws-sdk/types" "^3.222.0"
    "@aws-sdk/util-locate-window" "^3.0.0"
    "@smithy/util-utf8" "^2.0.0"
    tslib "^2.6.2"

"@aws-crypto/sha256-js@5.2.0", "@aws-crypto/sha256-js@^5.2.0":
  version "5.2.0"
  resolved "https://registry.yarnpkg.com/@aws-crypto/sha256-js/-/sha256-js-5.2.0.tgz#c4fdb773fdbed9a664fc1a95724e206cf3860042"
  integrity sha512-FFQQyu7edu4ufvIZ+OadFpHHOt+eSTBaYaki44c+akjg7qZg9oOQeLlk77F6tSYqjDAFClrHJk9tMf0HdVyOvA==
  dependencies:
    "@aws-crypto/util" "^5.2.0"
    "@aws-sdk/types" "^3.222.0"
    tslib "^2.6.2"

"@aws-crypto/supports-web-crypto@^5.2.0":
  version "5.2.0"
  resolved "https://registry.yarnpkg.com/@aws-crypto/supports-web-crypto/-/supports-web-crypto-5.2.0.tgz#a1e399af29269be08e695109aa15da0a07b5b5fb"
  integrity sha512-iAvUotm021kM33eCdNfwIN//F77/IADDSs58i+MDaOqFrVjZo9bAal0NK7HurRuWLLpF1iLX7gbWrjHjeo+YFg==
  dependencies:
    tslib "^2.6.2"

"@aws-crypto/util@5.2.0", "@aws-crypto/util@^5.2.0":
  version "5.2.0"
  resolved "https://registry.yarnpkg.com/@aws-crypto/util/-/util-5.2.0.tgz#71284c9cffe7927ddadac793c14f14886d3876da"
  integrity sha512-4RkU9EsI6ZpBve5fseQlGNUWKMa1RLPQ1dnjnQoe07ldfIzcsGb5hC5W0Dm7u423KWzawlrpbjXBrXCEv9zazQ==
  dependencies:
    "@aws-sdk/types" "^3.222.0"
    "@smithy/util-utf8" "^2.0.0"
    tslib "^2.6.2"

"@aws-sdk/client-s3@^3.787.0":
  version "3.804.0"
  resolved "https://registry.yarnpkg.com/@aws-sdk/client-s3/-/client-s3-3.804.0.tgz#07f9591078815457e8f21c1a2ebd780b357987d2"
  integrity sha512-oLBCq/wOzMEv4HhEDxttl5km0KGuptqnl4MlzzDcxPpsDmXjQU7egZdfQtwKRlB7748F+/uTcYc7khFvX2I1DA==
  dependencies:
    "@aws-crypto/sha1-browser" "5.2.0"
    "@aws-crypto/sha256-browser" "5.2.0"
    "@aws-crypto/sha256-js" "5.2.0"
    "@aws-sdk/core" "3.804.0"
    "@aws-sdk/credential-provider-node" "3.804.0"
    "@aws-sdk/middleware-bucket-endpoint" "3.804.0"
    "@aws-sdk/middleware-expect-continue" "3.804.0"
    "@aws-sdk/middleware-flexible-checksums" "3.804.0"
    "@aws-sdk/middleware-host-header" "3.804.0"
    "@aws-sdk/middleware-location-constraint" "3.804.0"
    "@aws-sdk/middleware-logger" "3.804.0"
    "@aws-sdk/middleware-recursion-detection" "3.804.0"
    "@aws-sdk/middleware-sdk-s3" "3.804.0"
    "@aws-sdk/middleware-ssec" "3.804.0"
    "@aws-sdk/middleware-user-agent" "3.804.0"
    "@aws-sdk/region-config-resolver" "3.804.0"
    "@aws-sdk/signature-v4-multi-region" "3.804.0"
    "@aws-sdk/types" "3.804.0"
    "@aws-sdk/util-endpoints" "3.804.0"
    "@aws-sdk/util-user-agent-browser" "3.804.0"
    "@aws-sdk/util-user-agent-node" "3.804.0"
    "@aws-sdk/xml-builder" "3.804.0"
    "@smithy/config-resolver" "^4.1.0"
    "@smithy/core" "^3.3.1"
    "@smithy/eventstream-serde-browser" "^4.0.2"
    "@smithy/eventstream-serde-config-resolver" "^4.1.0"
    "@smithy/eventstream-serde-node" "^4.0.2"
    "@smithy/fetch-http-handler" "^5.0.2"
    "@smithy/hash-blob-browser" "^4.0.2"
    "@smithy/hash-node" "^4.0.2"
    "@smithy/hash-stream-node" "^4.0.2"
    "@smithy/invalid-dependency" "^4.0.2"
    "@smithy/md5-js" "^4.0.2"
    "@smithy/middleware-content-length" "^4.0.2"
    "@smithy/middleware-endpoint" "^4.1.2"
    "@smithy/middleware-retry" "^4.1.3"
    "@smithy/middleware-serde" "^4.0.3"
    "@smithy/middleware-stack" "^4.0.2"
    "@smithy/node-config-provider" "^4.0.2"
    "@smithy/node-http-handler" "^4.0.4"
    "@smithy/protocol-http" "^5.1.0"
    "@smithy/smithy-client" "^4.2.2"
    "@smithy/types" "^4.2.0"
    "@smithy/url-parser" "^4.0.2"
    "@smithy/util-base64" "^4.0.0"
    "@smithy/util-body-length-browser" "^4.0.0"
    "@smithy/util-body-length-node" "^4.0.0"
    "@smithy/util-defaults-mode-browser" "^4.0.10"
    "@smithy/util-defaults-mode-node" "^4.0.10"
    "@smithy/util-endpoints" "^3.0.2"
    "@smithy/util-middleware" "^4.0.2"
    "@smithy/util-retry" "^4.0.3"
    "@smithy/util-stream" "^4.2.0"
    "@smithy/util-utf8" "^4.0.0"
    "@smithy/util-waiter" "^4.0.3"
    tslib "^2.6.2"

"@aws-sdk/client-sso@3.804.0":
  version "3.804.0"
  resolved "https://registry.yarnpkg.com/@aws-sdk/client-sso/-/client-sso-3.804.0.tgz#99f130025c7225087d730ef83fbefb2cc167a4f4"
  integrity sha512-6D5iQbL0MqlJ7B5aaHdP21k9+3H/od0jHjHSXegvFd4h2KQbD+QVTdEOSLeakgBGgHYRfiQXsrdMMzUz8vcpsw==
  dependencies:
    "@aws-crypto/sha256-browser" "5.2.0"
    "@aws-crypto/sha256-js" "5.2.0"
    "@aws-sdk/core" "3.804.0"
    "@aws-sdk/middleware-host-header" "3.804.0"
    "@aws-sdk/middleware-logger" "3.804.0"
    "@aws-sdk/middleware-recursion-detection" "3.804.0"
    "@aws-sdk/middleware-user-agent" "3.804.0"
    "@aws-sdk/region-config-resolver" "3.804.0"
    "@aws-sdk/types" "3.804.0"
    "@aws-sdk/util-endpoints" "3.804.0"
    "@aws-sdk/util-user-agent-browser" "3.804.0"
    "@aws-sdk/util-user-agent-node" "3.804.0"
    "@smithy/config-resolver" "^4.1.0"
    "@smithy/core" "^3.3.1"
    "@smithy/fetch-http-handler" "^5.0.2"
    "@smithy/hash-node" "^4.0.2"
    "@smithy/invalid-dependency" "^4.0.2"
    "@smithy/middleware-content-length" "^4.0.2"
    "@smithy/middleware-endpoint" "^4.1.2"
    "@smithy/middleware-retry" "^4.1.3"
    "@smithy/middleware-serde" "^4.0.3"
    "@smithy/middleware-stack" "^4.0.2"
    "@smithy/node-config-provider" "^4.0.2"
    "@smithy/node-http-handler" "^4.0.4"
    "@smithy/protocol-http" "^5.1.0"
    "@smithy/smithy-client" "^4.2.2"
    "@smithy/types" "^4.2.0"
    "@smithy/url-parser" "^4.0.2"
    "@smithy/util-base64" "^4.0.0"
    "@smithy/util-body-length-browser" "^4.0.0"
    "@smithy/util-body-length-node" "^4.0.0"
    "@smithy/util-defaults-mode-browser" "^4.0.10"
    "@smithy/util-defaults-mode-node" "^4.0.10"
    "@smithy/util-endpoints" "^3.0.2"
    "@smithy/util-middleware" "^4.0.2"
    "@smithy/util-retry" "^4.0.3"
    "@smithy/util-utf8" "^4.0.0"
    tslib "^2.6.2"

"@aws-sdk/core@3.804.0":
  version "3.804.0"
  resolved "https://registry.yarnpkg.com/@aws-sdk/core/-/core-3.804.0.tgz#ac0b3108b3803813c077c88e1a784541c39cb6a3"
  integrity sha512-KrYDEc6HaJE+Mx5lrwq6uhJxj1RYYfggQ+X+zQeKRyrZHl2GOxFl7PdnpdwtnaQIjX0gNkDzquhZSdyT0ar5rA==
  dependencies:
    "@aws-sdk/types" "3.804.0"
    "@smithy/core" "^3.3.1"
    "@smithy/node-config-provider" "^4.0.2"
    "@smithy/property-provider" "^4.0.2"
    "@smithy/protocol-http" "^5.1.0"
    "@smithy/signature-v4" "^5.1.0"
    "@smithy/smithy-client" "^4.2.2"
    "@smithy/types" "^4.2.0"
    "@smithy/util-middleware" "^4.0.2"
    fast-xml-parser "4.4.1"
    tslib "^2.6.2"

"@aws-sdk/credential-provider-env@3.804.0":
  version "3.804.0"
  resolved "https://registry.yarnpkg.com/@aws-sdk/credential-provider-env/-/credential-provider-env-3.804.0.tgz#b07af9f0841d88ba983f7d2a6acd9a3b1afad18c"
  integrity sha512-5mjrWPa4iaBK9/HDEIVN8lGxsnjk60eBjwGaJV0I2uqxnTo1EuQmpLV3XdY/OzQeqJdpuH/DbC6XUIdy9bXNQA==
  dependencies:
    "@aws-sdk/core" "3.804.0"
    "@aws-sdk/types" "3.804.0"
    "@smithy/property-provider" "^4.0.2"
    "@smithy/types" "^4.2.0"
    tslib "^2.6.2"

"@aws-sdk/credential-provider-http@3.804.0":
  version "3.804.0"
  resolved "https://registry.yarnpkg.com/@aws-sdk/credential-provider-http/-/credential-provider-http-3.804.0.tgz#9d5fd383e703bd87c569ca18461ccc5b8aa03858"
  integrity sha512-TD84TXS/iDWcf+ggCq3n6yx36p1WXB2qgyHkbP/yVbdmix/vKU1twuB5qJvaY0PJWI0TOwBa9680XfsYrzaJAA==
  dependencies:
    "@aws-sdk/core" "3.804.0"
    "@aws-sdk/types" "3.804.0"
    "@smithy/fetch-http-handler" "^5.0.2"
    "@smithy/node-http-handler" "^4.0.4"
    "@smithy/property-provider" "^4.0.2"
    "@smithy/protocol-http" "^5.1.0"
    "@smithy/smithy-client" "^4.2.2"
    "@smithy/types" "^4.2.0"
    "@smithy/util-stream" "^4.2.0"
    tslib "^2.6.2"

"@aws-sdk/credential-provider-ini@3.804.0":
  version "3.804.0"
  resolved "https://registry.yarnpkg.com/@aws-sdk/credential-provider-ini/-/credential-provider-ini-3.804.0.tgz#0f227a306d7cd51d85ffcd5cd8c8aeb65110309f"
  integrity sha512-LfReL9TnOOunJWeZbDXPePFEnvJE+jcA7iY/ItsThUALgTy+ydLUdOiwzMZFo1f0JZN/Rfrsb9FOd/xTOoZiFw==
  dependencies:
    "@aws-sdk/core" "3.804.0"
    "@aws-sdk/credential-provider-env" "3.804.0"
    "@aws-sdk/credential-provider-http" "3.804.0"
    "@aws-sdk/credential-provider-process" "3.804.0"
    "@aws-sdk/credential-provider-sso" "3.804.0"
    "@aws-sdk/credential-provider-web-identity" "3.804.0"
    "@aws-sdk/nested-clients" "3.804.0"
    "@aws-sdk/types" "3.804.0"
    "@smithy/credential-provider-imds" "^4.0.2"
    "@smithy/property-provider" "^4.0.2"
    "@smithy/shared-ini-file-loader" "^4.0.2"
    "@smithy/types" "^4.2.0"
    tslib "^2.6.2"

"@aws-sdk/credential-provider-node@3.804.0":
  version "3.804.0"
  resolved "https://registry.yarnpkg.com/@aws-sdk/credential-provider-node/-/credential-provider-node-3.804.0.tgz#6a83d53542e7d5aae846ab5bfc4853ff6d411599"
  integrity sha512-L2EK5fy2+7El7j7TcRcuwr2lzU5tQfXsfscg+dtFkLPjOqShknnqV/lXylb3QlWx8B3K/c/KK5rcWQl6cYUiDQ==
  dependencies:
    "@aws-sdk/credential-provider-env" "3.804.0"
    "@aws-sdk/credential-provider-http" "3.804.0"
    "@aws-sdk/credential-provider-ini" "3.804.0"
    "@aws-sdk/credential-provider-process" "3.804.0"
    "@aws-sdk/credential-provider-sso" "3.804.0"
    "@aws-sdk/credential-provider-web-identity" "3.804.0"
    "@aws-sdk/types" "3.804.0"
    "@smithy/credential-provider-imds" "^4.0.2"
    "@smithy/property-provider" "^4.0.2"
    "@smithy/shared-ini-file-loader" "^4.0.2"
    "@smithy/types" "^4.2.0"
    tslib "^2.6.2"

"@aws-sdk/credential-provider-process@3.804.0":
  version "3.804.0"
  resolved "https://registry.yarnpkg.com/@aws-sdk/credential-provider-process/-/credential-provider-process-3.804.0.tgz#e4bd67550f5b05941adb4f9710ccdf78922b0fa7"
  integrity sha512-s6ng/rZj7WP8GGgxBXsoPZYlSu7MZAm9O8OLgSSWcw8/vaYW7hBVSEVVNMEUkJiJeEo7Lh+Y/3d6SY27S1of/g==
  dependencies:
    "@aws-sdk/core" "3.804.0"
    "@aws-sdk/types" "3.804.0"
    "@smithy/property-provider" "^4.0.2"
    "@smithy/shared-ini-file-loader" "^4.0.2"
    "@smithy/types" "^4.2.0"
    tslib "^2.6.2"

"@aws-sdk/credential-provider-sso@3.804.0":
  version "3.804.0"
  resolved "https://registry.yarnpkg.com/@aws-sdk/credential-provider-sso/-/credential-provider-sso-3.804.0.tgz#5365938fbdc76399ff0d26acb011b0d0e2366431"
  integrity sha512-9Tt5zmhiK2nBfJv52Is5gNtW6bhK0W20GRhckg4T+BlnxOkPy//2ui23DzYacrwETH6TE3kdoyL3xgEL++HSLg==
  dependencies:
    "@aws-sdk/client-sso" "3.804.0"
    "@aws-sdk/core" "3.804.0"
    "@aws-sdk/token-providers" "3.804.0"
    "@aws-sdk/types" "3.804.0"
    "@smithy/property-provider" "^4.0.2"
    "@smithy/shared-ini-file-loader" "^4.0.2"
    "@smithy/types" "^4.2.0"
    tslib "^2.6.2"

"@aws-sdk/credential-provider-web-identity@3.804.0":
  version "3.804.0"
  resolved "https://registry.yarnpkg.com/@aws-sdk/credential-provider-web-identity/-/credential-provider-web-identity-3.804.0.tgz#87377f3bbacfe01ad736df3360222a46b03de8c1"
  integrity sha512-eBICjQUnqaoiHl9/AHKVPt/YkrifDddAUNGWUj+9cb3bRml6PEBSHE0k/tbbCTMq1xz7CCP+gmnnAA92ChnseA==
  dependencies:
    "@aws-sdk/core" "3.804.0"
    "@aws-sdk/nested-clients" "3.804.0"
    "@aws-sdk/types" "3.804.0"
    "@smithy/property-provider" "^4.0.2"
    "@smithy/types" "^4.2.0"
    tslib "^2.6.2"

"@aws-sdk/middleware-bucket-endpoint@3.804.0":
  version "3.804.0"
  resolved "https://registry.yarnpkg.com/@aws-sdk/middleware-bucket-endpoint/-/middleware-bucket-endpoint-3.804.0.tgz#c4286b8124e2dd18676eb2f47068356ea35000d1"
  integrity sha512-vVphifJ5Ab2JUjB27UvdNV51ezxTn3f/jNbC/Y+KF1vNcYkwWXqo+U1gD8SUsDK+NhnD3wasfVBVLOdJa7qqKw==
  dependencies:
    "@aws-sdk/types" "3.804.0"
    "@aws-sdk/util-arn-parser" "3.804.0"
    "@smithy/node-config-provider" "^4.0.2"
    "@smithy/protocol-http" "^5.1.0"
    "@smithy/types" "^4.2.0"
    "@smithy/util-config-provider" "^4.0.0"
    tslib "^2.6.2"

"@aws-sdk/middleware-expect-continue@3.804.0":
  version "3.804.0"
  resolved "https://registry.yarnpkg.com/@aws-sdk/middleware-expect-continue/-/middleware-expect-continue-3.804.0.tgz#3f9982a7100d186a2830b0c3723275e0734de6ae"
  integrity sha512-YW1hySBolALMII6C8y7Z0CRG2UX1dGJjLEBNFeefhO/xP7ZuE1dvnmfJGaEuBMnvc3wkRS63VZ3aqX6sevM1CA==
  dependencies:
    "@aws-sdk/types" "3.804.0"
    "@smithy/protocol-http" "^5.1.0"
    "@smithy/types" "^4.2.0"
    tslib "^2.6.2"

"@aws-sdk/middleware-flexible-checksums@3.804.0":
  version "3.804.0"
  resolved "https://registry.yarnpkg.com/@aws-sdk/middleware-flexible-checksums/-/middleware-flexible-checksums-3.804.0.tgz#dabce925af91ae92d30caf87e599bd37026a319d"
  integrity sha512-bQbh3hTrp+3XEuu8G5DkPDK9u3nnIabw2N1GpqlIwv8oGM+GTtGH35gBZtbbd2WAxfSUIBOAwkc86kTS0g0mFg==
  dependencies:
    "@aws-crypto/crc32" "5.2.0"
    "@aws-crypto/crc32c" "5.2.0"
    "@aws-crypto/util" "5.2.0"
    "@aws-sdk/core" "3.804.0"
    "@aws-sdk/types" "3.804.0"
    "@smithy/is-array-buffer" "^4.0.0"
    "@smithy/node-config-provider" "^4.0.2"
    "@smithy/protocol-http" "^5.1.0"
    "@smithy/types" "^4.2.0"
    "@smithy/util-middleware" "^4.0.2"
    "@smithy/util-stream" "^4.2.0"
    "@smithy/util-utf8" "^4.0.0"
    tslib "^2.6.2"

"@aws-sdk/middleware-host-header@3.804.0":
  version "3.804.0"
  resolved "https://registry.yarnpkg.com/@aws-sdk/middleware-host-header/-/middleware-host-header-3.804.0.tgz#e4c2180cfc75f19c697974383324509fa104d7a3"
  integrity sha512-bum1hLVBrn2lJCi423Z2fMUYtsbkGI2s4N+2RI2WSjvbaVyMSv/WcejIrjkqiiMR+2Y7m5exgoKeg4/TODLDPQ==
  dependencies:
    "@aws-sdk/types" "3.804.0"
    "@smithy/protocol-http" "^5.1.0"
    "@smithy/types" "^4.2.0"
    tslib "^2.6.2"

"@aws-sdk/middleware-location-constraint@3.804.0":
  version "3.804.0"
  resolved "https://registry.yarnpkg.com/@aws-sdk/middleware-location-constraint/-/middleware-location-constraint-3.804.0.tgz#512104f4648186fc88a62356c069e4a8f77b3e02"
  integrity sha512-AMtKnllIWKgoo7hiJfphLYotEwTERfjVMO2+cKAncz9w1g+bnYhHxiVhJJoR94y047c06X4PU5MsTxvdQ73Znw==
  dependencies:
    "@aws-sdk/types" "3.804.0"
    "@smithy/types" "^4.2.0"
    tslib "^2.6.2"

"@aws-sdk/middleware-logger@3.804.0":
  version "3.804.0"
  resolved "https://registry.yarnpkg.com/@aws-sdk/middleware-logger/-/middleware-logger-3.804.0.tgz#9b7860d0193ec8647a1102aa6ffad070e3260513"
  integrity sha512-w/qLwL3iq0KOPQNat0Kb7sKndl9BtceigINwBU7SpkYWX9L/Lem6f8NPEKrC9Tl4wDBht3Yztub4oRTy/horJA==
  dependencies:
    "@aws-sdk/types" "3.804.0"
    "@smithy/types" "^4.2.0"
    tslib "^2.6.2"

"@aws-sdk/middleware-recursion-detection@3.804.0":
  version "3.804.0"
  resolved "https://registry.yarnpkg.com/@aws-sdk/middleware-recursion-detection/-/middleware-recursion-detection-3.804.0.tgz#797bbe72c765e83a1d4c259db9799b77831e1fbb"
  integrity sha512-zqHOrvLRdsUdN/ehYfZ9Tf8svhbiLLz5VaWUz22YndFv6m9qaAcijkpAOlKexsv3nLBMJdSdJ6GUTAeIy3BZzw==
  dependencies:
    "@aws-sdk/types" "3.804.0"
    "@smithy/protocol-http" "^5.1.0"
    "@smithy/types" "^4.2.0"
    tslib "^2.6.2"

"@aws-sdk/middleware-sdk-s3@3.804.0":
  version "3.804.0"
  resolved "https://registry.yarnpkg.com/@aws-sdk/middleware-sdk-s3/-/middleware-sdk-s3-3.804.0.tgz#32f64ce59d475bade50cffe71885e8f90e4b8881"
  integrity sha512-kiuqjV2ozoyI6w34+KMhZU+YVOLTPgh1Kp1DSpuS+tbkwkxnQCrPGziQhuSA5/Y0bUFaa2zLwUh2jpCmJQbLyA==
  dependencies:
    "@aws-sdk/core" "3.804.0"
    "@aws-sdk/types" "3.804.0"
    "@aws-sdk/util-arn-parser" "3.804.0"
    "@smithy/core" "^3.3.1"
    "@smithy/node-config-provider" "^4.0.2"
    "@smithy/protocol-http" "^5.1.0"
    "@smithy/signature-v4" "^5.1.0"
    "@smithy/smithy-client" "^4.2.2"
    "@smithy/types" "^4.2.0"
    "@smithy/util-config-provider" "^4.0.0"
    "@smithy/util-middleware" "^4.0.2"
    "@smithy/util-stream" "^4.2.0"
    "@smithy/util-utf8" "^4.0.0"
    tslib "^2.6.2"

"@aws-sdk/middleware-ssec@3.804.0":
  version "3.804.0"
  resolved "https://registry.yarnpkg.com/@aws-sdk/middleware-ssec/-/middleware-ssec-3.804.0.tgz#4b586d7f9ce03907e6b3968d31ec1cad877d7f53"
  integrity sha512-Tk8jK0gOIUBvEPTz/wwSlP1V70zVQ3QYqsLPAjQRMO6zfOK9ax31dln3MgKvFDJxBydS2tS3wsn53v+brxDxTA==
  dependencies:
    "@aws-sdk/types" "3.804.0"
    "@smithy/types" "^4.2.0"
    tslib "^2.6.2"

"@aws-sdk/middleware-user-agent@3.804.0":
  version "3.804.0"
  resolved "https://registry.yarnpkg.com/@aws-sdk/middleware-user-agent/-/middleware-user-agent-3.804.0.tgz#6399bd2bd79fcca80e34e9866651e4fb7ae70bea"
  integrity sha512-HoBaun4t3vAFhMj/I7L/HNBKBrAYu7Sb5bTFINx8kFCxPbqsvF+jOrEE8WiljHNy7FbPjz0mPVRUwO7RZSYNiQ==
  dependencies:
    "@aws-sdk/core" "3.804.0"
    "@aws-sdk/types" "3.804.0"
    "@aws-sdk/util-endpoints" "3.804.0"
    "@smithy/core" "^3.3.1"
    "@smithy/protocol-http" "^5.1.0"
    "@smithy/types" "^4.2.0"
    tslib "^2.6.2"

"@aws-sdk/nested-clients@3.804.0":
  version "3.804.0"
  resolved "https://registry.yarnpkg.com/@aws-sdk/nested-clients/-/nested-clients-3.804.0.tgz#b73be267a161378c99313865307d894aca6eb49b"
  integrity sha512-IOUcw6stjqYBMhLoAXlLVipYpAqLlA17jcyI0OzpS0pTD1RvBqEBckYibF4HJeReI+IiEHu/m0If0SKVR5WyXQ==
  dependencies:
    "@aws-crypto/sha256-browser" "5.2.0"
    "@aws-crypto/sha256-js" "5.2.0"
    "@aws-sdk/core" "3.804.0"
    "@aws-sdk/middleware-host-header" "3.804.0"
    "@aws-sdk/middleware-logger" "3.804.0"
    "@aws-sdk/middleware-recursion-detection" "3.804.0"
    "@aws-sdk/middleware-user-agent" "3.804.0"
    "@aws-sdk/region-config-resolver" "3.804.0"
    "@aws-sdk/types" "3.804.0"
    "@aws-sdk/util-endpoints" "3.804.0"
    "@aws-sdk/util-user-agent-browser" "3.804.0"
    "@aws-sdk/util-user-agent-node" "3.804.0"
    "@smithy/config-resolver" "^4.1.0"
    "@smithy/core" "^3.3.1"
    "@smithy/fetch-http-handler" "^5.0.2"
    "@smithy/hash-node" "^4.0.2"
    "@smithy/invalid-dependency" "^4.0.2"
    "@smithy/middleware-content-length" "^4.0.2"
    "@smithy/middleware-endpoint" "^4.1.2"
    "@smithy/middleware-retry" "^4.1.3"
    "@smithy/middleware-serde" "^4.0.3"
    "@smithy/middleware-stack" "^4.0.2"
    "@smithy/node-config-provider" "^4.0.2"
    "@smithy/node-http-handler" "^4.0.4"
    "@smithy/protocol-http" "^5.1.0"
    "@smithy/smithy-client" "^4.2.2"
    "@smithy/types" "^4.2.0"
    "@smithy/url-parser" "^4.0.2"
    "@smithy/util-base64" "^4.0.0"
    "@smithy/util-body-length-browser" "^4.0.0"
    "@smithy/util-body-length-node" "^4.0.0"
    "@smithy/util-defaults-mode-browser" "^4.0.10"
    "@smithy/util-defaults-mode-node" "^4.0.10"
    "@smithy/util-endpoints" "^3.0.2"
    "@smithy/util-middleware" "^4.0.2"
    "@smithy/util-retry" "^4.0.3"
    "@smithy/util-utf8" "^4.0.0"
    tslib "^2.6.2"

"@aws-sdk/region-config-resolver@3.804.0":
  version "3.804.0"
  resolved "https://registry.yarnpkg.com/@aws-sdk/region-config-resolver/-/region-config-resolver-3.804.0.tgz#c27044e7a3c660056e57d6fa59e55a8a6449f7e9"
  integrity sha512-Qlr8jVUL5U8Ej+84ElUTGeOok6hQXcJdx5IOSRoqKs6bCKVa8TtwgX1zZIajzjMhMgMlR3/V+M8oDVDKPB43Ug==
  dependencies:
    "@aws-sdk/types" "3.804.0"
    "@smithy/node-config-provider" "^4.0.2"
    "@smithy/types" "^4.2.0"
    "@smithy/util-config-provider" "^4.0.0"
    "@smithy/util-middleware" "^4.0.2"
    tslib "^2.6.2"

"@aws-sdk/signature-v4-multi-region@3.804.0":
  version "3.804.0"
  resolved "https://registry.yarnpkg.com/@aws-sdk/signature-v4-multi-region/-/signature-v4-multi-region-3.804.0.tgz#851f1dd954bf367dbc4a62a8890aea35fa82d81f"
  integrity sha512-6wxi+f/uvddm2PVRG1gDkjnukfwhEtu3JUAvGqQ56VWbDyM69pxPnGjcwoxCKf0dX16mU8+kHT5CpXsRIpEkkw==
  dependencies:
    "@aws-sdk/middleware-sdk-s3" "3.804.0"
    "@aws-sdk/types" "3.804.0"
    "@smithy/protocol-http" "^5.1.0"
    "@smithy/signature-v4" "^5.1.0"
    "@smithy/types" "^4.2.0"
    tslib "^2.6.2"

"@aws-sdk/token-providers@3.804.0":
  version "3.804.0"
  resolved "https://registry.yarnpkg.com/@aws-sdk/token-providers/-/token-providers-3.804.0.tgz#6b84452bbcdb3070f60b6e0b540c697c5e4db1ba"
  integrity sha512-ndcLGD1nHEVJdWRl0lK8SfC0dN4j3X4gcGXEJxK16KZD23veMB2adHP69ySYXNFNo5gI6W9Ct9QXnB+tJCCS1Q==
  dependencies:
    "@aws-sdk/nested-clients" "3.804.0"
    "@aws-sdk/types" "3.804.0"
    "@smithy/property-provider" "^4.0.2"
    "@smithy/shared-ini-file-loader" "^4.0.2"
    "@smithy/types" "^4.2.0"
    tslib "^2.6.2"

"@aws-sdk/types@3.804.0", "@aws-sdk/types@^3.222.0":
  version "3.804.0"
  resolved "https://registry.yarnpkg.com/@aws-sdk/types/-/types-3.804.0.tgz#b70a734fa721450cf8a513cec0c276001a5d154f"
  integrity sha512-A9qnsy9zQ8G89vrPPlNG9d1d8QcKRGqJKqwyGgS0dclJpwy6d1EWgQLIolKPl6vcFpLoe6avLOLxr+h8ur5wpg==
  dependencies:
    "@smithy/types" "^4.2.0"
    tslib "^2.6.2"

"@aws-sdk/util-arn-parser@3.804.0":
  version "3.804.0"
  resolved "https://registry.yarnpkg.com/@aws-sdk/util-arn-parser/-/util-arn-parser-3.804.0.tgz#d0b52bf5f9ae5b2c357a635551e5844dcad074c8"
  integrity sha512-wmBJqn1DRXnZu3b4EkE6CWnoWMo1ZMvlfkqU5zPz67xx1GMaXlDCchFvKAXMjk4jn/L1O3tKnoFDNsoLV1kgNQ==
  dependencies:
    tslib "^2.6.2"

"@aws-sdk/util-endpoints@3.804.0":
  version "3.804.0"
  resolved "https://registry.yarnpkg.com/@aws-sdk/util-endpoints/-/util-endpoints-3.804.0.tgz#77733192f26672a32b999816870fcb2581dd3036"
  integrity sha512-mT2R1De1fBT3vgm00ELVFoaArblW3PqGUCVteGGSUdJA525To7h6xPThrNrw3Dn8blAcR8VYGYte/JX7vKgFxw==
  dependencies:
    "@aws-sdk/types" "3.804.0"
    "@smithy/types" "^4.2.0"
    "@smithy/util-endpoints" "^3.0.2"
    tslib "^2.6.2"

"@aws-sdk/util-locate-window@^3.0.0":
  version "3.208.0"
  resolved "https://registry.yarnpkg.com/@aws-sdk/util-locate-window/-/util-locate-window-3.208.0.tgz#0f598fc238a1256e4bcb64d01459f03a922dd4c3"
  integrity sha512-iua1A2+P7JJEDHVgvXrRJSvsnzG7stYSGQnBVphIUlemwl6nN5D+QrgbjECtrbxRz8asYFHSzhdhECqN+tFiBg==
  dependencies:
    tslib "^2.3.1"

"@aws-sdk/util-user-agent-browser@3.804.0":
  version "3.804.0"
  resolved "https://registry.yarnpkg.com/@aws-sdk/util-user-agent-browser/-/util-user-agent-browser-3.804.0.tgz#0312fda0fd34958a1d89e7691c5b1cf41ad5549b"
  integrity sha512-KfW6T6nQHHM/vZBBdGn6fMyG/MgX5lq82TDdX4HRQRRuHKLgBWGpKXqqvBwqIaCdXwWHgDrg2VQups6GqOWW2A==
  dependencies:
    "@aws-sdk/types" "3.804.0"
    "@smithy/types" "^4.2.0"
    bowser "^2.11.0"
    tslib "^2.6.2"

"@aws-sdk/util-user-agent-node@3.804.0":
  version "3.804.0"
  resolved "https://registry.yarnpkg.com/@aws-sdk/util-user-agent-node/-/util-user-agent-node-3.804.0.tgz#942327170e0acd4581ba1ed1c812db631580908a"
  integrity sha512-TacXL50ZHOeTUvN9LbHjS3muvvJNpzZp9cAtGRKpKXzlu8zCxPHrVU7dGOF6ONuNG30GpN2xzz81/XcCtg+8/A==
  dependencies:
    "@aws-sdk/middleware-user-agent" "3.804.0"
    "@aws-sdk/types" "3.804.0"
    "@smithy/node-config-provider" "^4.0.2"
    "@smithy/types" "^4.2.0"
    tslib "^2.6.2"

"@aws-sdk/xml-builder@3.804.0":
  version "3.804.0"
  resolved "https://registry.yarnpkg.com/@aws-sdk/xml-builder/-/xml-builder-3.804.0.tgz#8a1708b5cda5006e5a7f902542a3d9cd75052add"
  integrity sha512-JbGWp36IG9dgxtvC6+YXwt5WDZYfuamWFtVfK6fQpnmL96dx+GUPOXPKRWdw67WLKf2comHY28iX2d3z35I53Q==
  dependencies:
    "@smithy/types" "^4.2.0"
    tslib "^2.6.2"

"@smithy/abort-controller@^4.0.2":
  version "4.0.2"
  resolved "https://registry.yarnpkg.com/@smithy/abort-controller/-/abort-controller-4.0.2.tgz#36a23e8cc65fc03cacb6afa35dfbfd319c560c6b"
  integrity sha512-Sl/78VDtgqKxN2+1qduaVE140XF+Xg+TafkncspwM4jFP/LHr76ZHmIY/y3V1M0mMLNk+Je6IGbzxy23RSToMw==
  dependencies:
    "@smithy/types" "^4.2.0"
    tslib "^2.6.2"

"@smithy/chunked-blob-reader-native@^4.0.0":
  version "4.0.0"
  resolved "https://registry.yarnpkg.com/@smithy/chunked-blob-reader-native/-/chunked-blob-reader-native-4.0.0.tgz#33cbba6deb8a3c516f98444f65061784f7cd7f8c"
  integrity sha512-R9wM2yPmfEMsUmlMlIgSzOyICs0x9uu7UTHoccMyt7BWw8shcGM8HqB355+BZCPBcySvbTYMs62EgEQkNxz2ig==
  dependencies:
    "@smithy/util-base64" "^4.0.0"
    tslib "^2.6.2"

"@smithy/chunked-blob-reader@^5.0.0":
  version "5.0.0"
  resolved "https://registry.yarnpkg.com/@smithy/chunked-blob-reader/-/chunked-blob-reader-5.0.0.tgz#3f6ea5ff4e2b2eacf74cefd737aa0ba869b2e0f6"
  integrity sha512-+sKqDBQqb036hh4NPaUiEkYFkTUGYzRsn3EuFhyfQfMy6oGHEUJDurLP9Ufb5dasr/XiAmPNMr6wa9afjQB+Gw==
  dependencies:
    tslib "^2.6.2"

"@smithy/config-resolver@^4.1.0":
  version "4.1.0"
  resolved "https://registry.yarnpkg.com/@smithy/config-resolver/-/config-resolver-4.1.0.tgz#de1043cbd75f05d99798b0fbcfdaf4b89b0f2f41"
  integrity sha512-8smPlwhga22pwl23fM5ew4T9vfLUCeFXlcqNOCD5M5h8VmNPNUE9j6bQSuRXpDSV11L/E/SwEBQuW8hr6+nS1A==
  dependencies:
    "@smithy/node-config-provider" "^4.0.2"
    "@smithy/types" "^4.2.0"
    "@smithy/util-config-provider" "^4.0.0"
    "@smithy/util-middleware" "^4.0.2"
    tslib "^2.6.2"

"@smithy/core@^3.3.1":
  version "3.3.1"
  resolved "https://registry.yarnpkg.com/@smithy/core/-/core-3.3.1.tgz#6119a683f62099158eb193e3745f4ade6de741dd"
  integrity sha512-W7AppgQD3fP1aBmo8wWo0id5zeR2/aYRy067vZsDVaa6v/mdhkg6DxXwEVuSPjZl+ZnvWAQbUMCd5ckw38+tHQ==
  dependencies:
    "@smithy/middleware-serde" "^4.0.3"
    "@smithy/protocol-http" "^5.1.0"
    "@smithy/types" "^4.2.0"
    "@smithy/util-body-length-browser" "^4.0.0"
    "@smithy/util-middleware" "^4.0.2"
    "@smithy/util-stream" "^4.2.0"
    "@smithy/util-utf8" "^4.0.0"
    tslib "^2.6.2"

"@smithy/credential-provider-imds@^4.0.2":
  version "4.0.2"
  resolved "https://registry.yarnpkg.com/@smithy/credential-provider-imds/-/credential-provider-imds-4.0.2.tgz#1ec34a04842fa69996b151a695b027f0486c69a8"
  integrity sha512-32lVig6jCaWBHnY+OEQ6e6Vnt5vDHaLiydGrwYMW9tPqO688hPGTYRamYJ1EptxEC2rAwJrHWmPoKRBl4iTa8w==
  dependencies:
    "@smithy/node-config-provider" "^4.0.2"
    "@smithy/property-provider" "^4.0.2"
    "@smithy/types" "^4.2.0"
    "@smithy/url-parser" "^4.0.2"
    tslib "^2.6.2"

"@smithy/eventstream-codec@^4.0.2":
  version "4.0.2"
  resolved "https://registry.yarnpkg.com/@smithy/eventstream-codec/-/eventstream-codec-4.0.2.tgz#d4d77699308a3dfeea1b2e87683845f5d8440bdb"
  integrity sha512-p+f2kLSK7ZrXVfskU/f5dzksKTewZk8pJLPvER3aFHPt76C2MxD9vNatSfLzzQSQB4FNO96RK4PSXfhD1TTeMQ==
  dependencies:
    "@aws-crypto/crc32" "5.2.0"
    "@smithy/types" "^4.2.0"
    "@smithy/util-hex-encoding" "^4.0.0"
    tslib "^2.6.2"

"@smithy/eventstream-serde-browser@^4.0.2":
  version "4.0.2"
  resolved "https://registry.yarnpkg.com/@smithy/eventstream-serde-browser/-/eventstream-serde-browser-4.0.2.tgz#876f05491373ab217801c47b802601b8c09388d4"
  integrity sha512-CepZCDs2xgVUtH7ZZ7oDdZFH8e6Y2zOv8iiX6RhndH69nlojCALSKK+OXwZUgOtUZEUaZ5e1hULVCHYbCn7pug==
  dependencies:
    "@smithy/eventstream-serde-universal" "^4.0.2"
    "@smithy/types" "^4.2.0"
    tslib "^2.6.2"

"@smithy/eventstream-serde-config-resolver@^4.1.0":
  version "4.1.0"
  resolved "https://registry.yarnpkg.com/@smithy/eventstream-serde-config-resolver/-/eventstream-serde-config-resolver-4.1.0.tgz#4ab7a2575e9041a2df2179bce64619a4e632e4d3"
  integrity sha512-1PI+WPZ5TWXrfj3CIoKyUycYynYJgZjuQo8U+sphneOtjsgrttYybdqESFReQrdWJ+LKt6NEdbYzmmfDBmjX2A==
  dependencies:
    "@smithy/types" "^4.2.0"
    tslib "^2.6.2"

"@smithy/eventstream-serde-node@^4.0.2":
  version "4.0.2"
  resolved "https://registry.yarnpkg.com/@smithy/eventstream-serde-node/-/eventstream-serde-node-4.0.2.tgz#390306ff79edb0c607705f639d8c5a76caad4bf7"
  integrity sha512-C5bJ/C6x9ENPMx2cFOirspnF9ZsBVnBMtP6BdPl/qYSuUawdGQ34Lq0dMcf42QTjUZgWGbUIZnz6+zLxJlb9aw==
  dependencies:
    "@smithy/eventstream-serde-universal" "^4.0.2"
    "@smithy/types" "^4.2.0"
    tslib "^2.6.2"

"@smithy/eventstream-serde-universal@^4.0.2":
  version "4.0.2"
  resolved "https://registry.yarnpkg.com/@smithy/eventstream-serde-universal/-/eventstream-serde-universal-4.0.2.tgz#9f45472fc4fe5fe5f7c22c33d90ec6fc0230d0ae"
  integrity sha512-St8h9JqzvnbB52FtckiHPN4U/cnXcarMniXRXTKn0r4b4XesZOGiAyUdj1aXbqqn1icSqBlzzUsCl6nPB018ng==
  dependencies:
    "@smithy/eventstream-codec" "^4.0.2"
    "@smithy/types" "^4.2.0"
    tslib "^2.6.2"

"@smithy/fetch-http-handler@^5.0.2":
  version "5.0.2"
  resolved "https://registry.yarnpkg.com/@smithy/fetch-http-handler/-/fetch-http-handler-5.0.2.tgz#9d3cacf044aa9573ab933f445ab95cddb284813d"
  integrity sha512-+9Dz8sakS9pe7f2cBocpJXdeVjMopUDLgZs1yWeu7h++WqSbjUYv/JAJwKwXw1HV6gq1jyWjxuyn24E2GhoEcQ==
  dependencies:
    "@smithy/protocol-http" "^5.1.0"
    "@smithy/querystring-builder" "^4.0.2"
    "@smithy/types" "^4.2.0"
    "@smithy/util-base64" "^4.0.0"
    tslib "^2.6.2"

"@smithy/hash-blob-browser@^4.0.2":
  version "4.0.2"
  resolved "https://registry.yarnpkg.com/@smithy/hash-blob-browser/-/hash-blob-browser-4.0.2.tgz#c51abe21684803f6eb5e43c4870e2af9e232a5cd"
  integrity sha512-3g188Z3DyhtzfBRxpZjU8R9PpOQuYsbNnyStc/ZVS+9nVX1f6XeNOa9IrAh35HwwIZg+XWk8bFVtNINVscBP+g==
  dependencies:
    "@smithy/chunked-blob-reader" "^5.0.0"
    "@smithy/chunked-blob-reader-native" "^4.0.0"
    "@smithy/types" "^4.2.0"
    tslib "^2.6.2"

"@smithy/hash-node@^4.0.2":
  version "4.0.2"
  resolved "https://registry.yarnpkg.com/@smithy/hash-node/-/hash-node-4.0.2.tgz#a34fe5a33b067d754ca63302b9791778f003e437"
  integrity sha512-VnTpYPnRUE7yVhWozFdlxcYknv9UN7CeOqSrMH+V877v4oqtVYuoqhIhtSjmGPvYrYnAkaM61sLMKHvxL138yg==
  dependencies:
    "@smithy/types" "^4.2.0"
    "@smithy/util-buffer-from" "^4.0.0"
    "@smithy/util-utf8" "^4.0.0"
    tslib "^2.6.2"

"@smithy/hash-stream-node@^4.0.2":
  version "4.0.2"
  resolved "https://registry.yarnpkg.com/@smithy/hash-stream-node/-/hash-stream-node-4.0.2.tgz#c9ee7d85710121268b7b487a7259375c949a3289"
  integrity sha512-POWDuTznzbIwlEXEvvXoPMS10y0WKXK790soe57tFRfvf4zBHyzE529HpZMqmDdwG9MfFflnyzndUQ8j78ZdSg==
  dependencies:
    "@smithy/types" "^4.2.0"
    "@smithy/util-utf8" "^4.0.0"
    tslib "^2.6.2"

"@smithy/invalid-dependency@^4.0.2":
  version "4.0.2"
  resolved "https://registry.yarnpkg.com/@smithy/invalid-dependency/-/invalid-dependency-4.0.2.tgz#e9b1c5e407d795f10a03afba90e37bccdc3e38f7"
  integrity sha512-GatB4+2DTpgWPday+mnUkoumP54u/MDM/5u44KF9hIu8jF0uafZtQLcdfIKkIcUNuF/fBojpLEHZS/56JqPeXQ==
  dependencies:
    "@smithy/types" "^4.2.0"
    tslib "^2.6.2"

"@smithy/is-array-buffer@^2.2.0":
  version "2.2.0"
  resolved "https://registry.yarnpkg.com/@smithy/is-array-buffer/-/is-array-buffer-2.2.0.tgz#f84f0d9f9a36601a9ca9381688bd1b726fd39111"
  integrity sha512-GGP3O9QFD24uGeAXYUjwSTXARoqpZykHadOmA8G5vfJPK0/DC67qa//0qvqrJzL1xc8WQWX7/yc7fwudjPHPhA==
  dependencies:
    tslib "^2.6.2"

"@smithy/is-array-buffer@^4.0.0":
  version "4.0.0"
  resolved "https://registry.yarnpkg.com/@smithy/is-array-buffer/-/is-array-buffer-4.0.0.tgz#55a939029321fec462bcc574890075cd63e94206"
  integrity sha512-saYhF8ZZNoJDTvJBEWgeBccCg+yvp1CX+ed12yORU3NilJScfc6gfch2oVb4QgxZrGUx3/ZJlb+c/dJbyupxlw==
  dependencies:
    tslib "^2.6.2"

"@smithy/md5-js@^4.0.2":
  version "4.0.2"
  resolved "https://registry.yarnpkg.com/@smithy/md5-js/-/md5-js-4.0.2.tgz#ac8f05d2c845fde48d3fde805a04ec21030fd19b"
  integrity sha512-Hc0R8EiuVunUewCse2syVgA2AfSRco3LyAv07B/zCOMa+jpXI9ll+Q21Nc6FAlYPcpNcAXqBzMhNs1CD/pP2bA==
  dependencies:
    "@smithy/types" "^4.2.0"
    "@smithy/util-utf8" "^4.0.0"
    tslib "^2.6.2"

"@smithy/middleware-content-length@^4.0.2":
  version "4.0.2"
  resolved "https://registry.yarnpkg.com/@smithy/middleware-content-length/-/middleware-content-length-4.0.2.tgz#ff78658e8047ad7038f58478cf8713ee2f6ef647"
  integrity sha512-hAfEXm1zU+ELvucxqQ7I8SszwQ4znWMbNv6PLMndN83JJN41EPuS93AIyh2N+gJ6x8QFhzSO6b7q2e6oClDI8A==
  dependencies:
    "@smithy/protocol-http" "^5.1.0"
    "@smithy/types" "^4.2.0"
    tslib "^2.6.2"

"@smithy/middleware-endpoint@^4.1.2":
  version "4.1.2"
  resolved "https://registry.yarnpkg.com/@smithy/middleware-endpoint/-/middleware-endpoint-4.1.2.tgz#d8ad5e4e439126d7bcc79f0046fc5f9518d8afd8"
  integrity sha512-EqOy3xaEGQpsKxLlzYstDRJ8eY90CbyBP4cl+w7r45mE60S8YliyL9AgWsdWcyNiB95E2PMqHBEv67nNl1zLfg==
  dependencies:
    "@smithy/core" "^3.3.1"
    "@smithy/middleware-serde" "^4.0.3"
    "@smithy/node-config-provider" "^4.0.2"
    "@smithy/shared-ini-file-loader" "^4.0.2"
    "@smithy/types" "^4.2.0"
    "@smithy/url-parser" "^4.0.2"
    "@smithy/util-middleware" "^4.0.2"
    tslib "^2.6.2"

"@smithy/middleware-retry@^4.1.3":
  version "4.1.3"
  resolved "https://registry.yarnpkg.com/@smithy/middleware-retry/-/middleware-retry-4.1.3.tgz#6d22d21321b2089b4caeb79577a9b40bf4ac6ace"
  integrity sha512-AsJtI9KiFoEGAhcEKZyzzPfrszAQGcf4HSYKmenz0WGx/6YNvoPPv4OSGfZTCsDmgPHv4pXzxE+7QV7jcGWNKw==
  dependencies:
    "@smithy/node-config-provider" "^4.0.2"
    "@smithy/protocol-http" "^5.1.0"
    "@smithy/service-error-classification" "^4.0.3"
    "@smithy/smithy-client" "^4.2.2"
    "@smithy/types" "^4.2.0"
    "@smithy/util-middleware" "^4.0.2"
    "@smithy/util-retry" "^4.0.3"
    tslib "^2.6.2"
    uuid "^9.0.1"

"@smithy/middleware-serde@^4.0.3":
  version "4.0.3"
  resolved "https://registry.yarnpkg.com/@smithy/middleware-serde/-/middleware-serde-4.0.3.tgz#b90ef1065ad9dc0b54c561fae73c8a5792d145e3"
  integrity sha512-rfgDVrgLEVMmMn0BI8O+8OVr6vXzjV7HZj57l0QxslhzbvVfikZbVfBVthjLHqib4BW44QhcIgJpvebHlRaC9A==
  dependencies:
    "@smithy/types" "^4.2.0"
    tslib "^2.6.2"

"@smithy/middleware-stack@^4.0.2":
  version "4.0.2"
  resolved "https://registry.yarnpkg.com/@smithy/middleware-stack/-/middleware-stack-4.0.2.tgz#ca7bc3eedc7c1349e2cf94e0dc92a68d681bef18"
  integrity sha512-eSPVcuJJGVYrFYu2hEq8g8WWdJav3sdrI4o2c6z/rjnYDd3xH9j9E7deZQCzFn4QvGPouLngH3dQ+QVTxv5bOQ==
  dependencies:
    "@smithy/types" "^4.2.0"
    tslib "^2.6.2"

"@smithy/node-config-provider@^4.0.2":
  version "4.0.2"
  resolved "https://registry.yarnpkg.com/@smithy/node-config-provider/-/node-config-provider-4.0.2.tgz#017ba626828bced0fa588e795246e5468632f3ef"
  integrity sha512-WgCkILRZfJwJ4Da92a6t3ozN/zcvYyJGUTmfGbgS/FkCcoCjl7G4FJaCDN1ySdvLvemnQeo25FdkyMSTSwulsw==
  dependencies:
    "@smithy/property-provider" "^4.0.2"
    "@smithy/shared-ini-file-loader" "^4.0.2"
    "@smithy/types" "^4.2.0"
    tslib "^2.6.2"

"@smithy/node-http-handler@^4.0.4":
  version "4.0.4"
  resolved "https://registry.yarnpkg.com/@smithy/node-http-handler/-/node-http-handler-4.0.4.tgz#aa583d201c1ee968170b65a07f06d633c214b7a1"
  integrity sha512-/mdqabuAT3o/ihBGjL94PUbTSPSRJ0eeVTdgADzow0wRJ0rN4A27EOrtlK56MYiO1fDvlO3jVTCxQtQmK9dZ1g==
  dependencies:
    "@smithy/abort-controller" "^4.0.2"
    "@smithy/protocol-http" "^5.1.0"
    "@smithy/querystring-builder" "^4.0.2"
    "@smithy/types" "^4.2.0"
    tslib "^2.6.2"

"@smithy/property-provider@^4.0.2":
  version "4.0.2"
  resolved "https://registry.yarnpkg.com/@smithy/property-provider/-/property-provider-4.0.2.tgz#4572c10415c9d4215f3df1530ba61b0319b17b55"
  integrity sha512-wNRoQC1uISOuNc2s4hkOYwYllmiyrvVXWMtq+TysNRVQaHm4yoafYQyjN/goYZS+QbYlPIbb/QRjaUZMuzwQ7A==
  dependencies:
    "@smithy/types" "^4.2.0"
    tslib "^2.6.2"

"@smithy/protocol-http@^5.1.0":
  version "5.1.0"
  resolved "https://registry.yarnpkg.com/@smithy/protocol-http/-/protocol-http-5.1.0.tgz#ad34e336a95944785185234bebe2ec8dbe266936"
  integrity sha512-KxAOL1nUNw2JTYrtviRRjEnykIDhxc84qMBzxvu1MUfQfHTuBlCG7PA6EdVwqpJjH7glw7FqQoFxUJSyBQgu7g==
  dependencies:
    "@smithy/types" "^4.2.0"
    tslib "^2.6.2"

"@smithy/querystring-builder@^4.0.2":
  version "4.0.2"
  resolved "https://registry.yarnpkg.com/@smithy/querystring-builder/-/querystring-builder-4.0.2.tgz#834cea95bf413ab417bf9c166d60fd80d2cb3016"
  integrity sha512-NTOs0FwHw1vimmQM4ebh+wFQvOwkEf/kQL6bSM1Lock+Bv4I89B3hGYoUEPkmvYPkDKyp5UdXJYu+PoTQ3T31Q==
  dependencies:
    "@smithy/types" "^4.2.0"
    "@smithy/util-uri-escape" "^4.0.0"
    tslib "^2.6.2"

"@smithy/querystring-parser@^4.0.2":
  version "4.0.2"
  resolved "https://registry.yarnpkg.com/@smithy/querystring-parser/-/querystring-parser-4.0.2.tgz#d80c5afb740e12ad8b4d4f58415e402c69712479"
  integrity sha512-v6w8wnmZcVXjfVLjxw8qF7OwESD9wnpjp0Dqry/Pod0/5vcEA3qxCr+BhbOHlxS8O+29eLpT3aagxXGwIoEk7Q==
  dependencies:
    "@smithy/types" "^4.2.0"
    tslib "^2.6.2"

"@smithy/service-error-classification@^4.0.3":
  version "4.0.3"
  resolved "https://registry.yarnpkg.com/@smithy/service-error-classification/-/service-error-classification-4.0.3.tgz#df43e3ec00a9f2d15415185561d98cd602c8bc67"
  integrity sha512-FTbcajmltovWMjj3tksDQdD23b2w6gH+A0DYA1Yz3iSpjDj8fmkwy62UnXcWMy4d5YoMoSyLFHMfkEVEzbiN8Q==
  dependencies:
    "@smithy/types" "^4.2.0"

"@smithy/shared-ini-file-loader@^4.0.2":
  version "4.0.2"
  resolved "https://registry.yarnpkg.com/@smithy/shared-ini-file-loader/-/shared-ini-file-loader-4.0.2.tgz#15043f0516fe09ff4b22982bc5f644dc701ebae5"
  integrity sha512-J9/gTWBGVuFZ01oVA6vdb4DAjf1XbDhK6sLsu3OS9qmLrS6KB5ygpeHiM3miIbj1qgSJ96GYszXFWv6ErJ8QEw==
  dependencies:
    "@smithy/types" "^4.2.0"
    tslib "^2.6.2"

"@smithy/signature-v4@^5.1.0":
  version "5.1.0"
  resolved "https://registry.yarnpkg.com/@smithy/signature-v4/-/signature-v4-5.1.0.tgz#2c56e5b278482b04383d84ea2c07b7f0a8eb8f63"
  integrity sha512-4t5WX60sL3zGJF/CtZsUQTs3UrZEDO2P7pEaElrekbLqkWPYkgqNW1oeiNYC6xXifBnT9dVBOnNQRvOE9riU9w==
  dependencies:
    "@smithy/is-array-buffer" "^4.0.0"
    "@smithy/protocol-http" "^5.1.0"
    "@smithy/types" "^4.2.0"
    "@smithy/util-hex-encoding" "^4.0.0"
    "@smithy/util-middleware" "^4.0.2"
    "@smithy/util-uri-escape" "^4.0.0"
    "@smithy/util-utf8" "^4.0.0"
    tslib "^2.6.2"

"@smithy/smithy-client@^4.2.2":
  version "4.2.2"
  resolved "https://registry.yarnpkg.com/@smithy/smithy-client/-/smithy-client-4.2.2.tgz#b599c841c376994a3b3019942b1d3f1ecfaf964b"
  integrity sha512-3AnHfsMdq9Wg7+3BeR1HuLWI9+DMA/SoHVpCWq6xSsa52ikNd6nlF/wFzdpHyGtVa+Aji6lMgvwOF4sGcVA7SA==
  dependencies:
    "@smithy/core" "^3.3.1"
    "@smithy/middleware-endpoint" "^4.1.2"
    "@smithy/middleware-stack" "^4.0.2"
    "@smithy/protocol-http" "^5.1.0"
    "@smithy/types" "^4.2.0"
    "@smithy/util-stream" "^4.2.0"
    tslib "^2.6.2"

"@smithy/types@^4.2.0":
  version "4.2.0"
  resolved "https://registry.yarnpkg.com/@smithy/types/-/types-4.2.0.tgz#e7998984cc54b1acbc32e6d4cf982c712e3d26b6"
  integrity sha512-7eMk09zQKCO+E/ivsjQv+fDlOupcFUCSC/L2YUPgwhvowVGWbPQHjEFcmjt7QQ4ra5lyowS92SV53Zc6XD4+fg==
  dependencies:
    tslib "^2.6.2"

"@smithy/url-parser@^4.0.2":
  version "4.0.2"
  resolved "https://registry.yarnpkg.com/@smithy/url-parser/-/url-parser-4.0.2.tgz#a316f7d8593ffab796348bc5df96237833880713"
  integrity sha512-Bm8n3j2ScqnT+kJaClSVCMeiSenK6jVAzZCNewsYWuZtnBehEz4r2qP0riZySZVfzB+03XZHJeqfmJDkeeSLiQ==
  dependencies:
    "@smithy/querystring-parser" "^4.0.2"
    "@smithy/types" "^4.2.0"
    tslib "^2.6.2"

"@smithy/util-base64@^4.0.0":
  version "4.0.0"
  resolved "https://registry.yarnpkg.com/@smithy/util-base64/-/util-base64-4.0.0.tgz#8345f1b837e5f636e5f8470c4d1706ae0c6d0358"
  integrity sha512-CvHfCmO2mchox9kjrtzoHkWHxjHZzaFojLc8quxXY7WAAMAg43nuxwv95tATVgQFNDwd4M9S1qFzj40Ul41Kmg==
  dependencies:
    "@smithy/util-buffer-from" "^4.0.0"
    "@smithy/util-utf8" "^4.0.0"
    tslib "^2.6.2"

"@smithy/util-body-length-browser@^4.0.0":
  version "4.0.0"
  resolved "https://registry.yarnpkg.com/@smithy/util-body-length-browser/-/util-body-length-browser-4.0.0.tgz#965d19109a4b1e5fe7a43f813522cce718036ded"
  integrity sha512-sNi3DL0/k64/LO3A256M+m3CDdG6V7WKWHdAiBBMUN8S3hK3aMPhwnPik2A/a2ONN+9doY9UxaLfgqsIRg69QA==
  dependencies:
    tslib "^2.6.2"

"@smithy/util-body-length-node@^4.0.0":
  version "4.0.0"
  resolved "https://registry.yarnpkg.com/@smithy/util-body-length-node/-/util-body-length-node-4.0.0.tgz#3db245f6844a9b1e218e30c93305bfe2ffa473b3"
  integrity sha512-q0iDP3VsZzqJyje8xJWEJCNIu3lktUGVoSy1KB0UWym2CL1siV3artm+u1DFYTLejpsrdGyCSWBdGNjJzfDPjg==
  dependencies:
    tslib "^2.6.2"

"@smithy/util-buffer-from@^2.2.0":
  version "2.2.0"
  resolved "https://registry.yarnpkg.com/@smithy/util-buffer-from/-/util-buffer-from-2.2.0.tgz#6fc88585165ec73f8681d426d96de5d402021e4b"
  integrity sha512-IJdWBbTcMQ6DA0gdNhh/BwrLkDR+ADW5Kr1aZmd4k3DIF6ezMV4R2NIAmT08wQJ3yUK82thHWmC/TnK/wpMMIA==
  dependencies:
    "@smithy/is-array-buffer" "^2.2.0"
    tslib "^2.6.2"

"@smithy/util-buffer-from@^4.0.0":
  version "4.0.0"
  resolved "https://registry.yarnpkg.com/@smithy/util-buffer-from/-/util-buffer-from-4.0.0.tgz#b23b7deb4f3923e84ef50c8b2c5863d0dbf6c0b9"
  integrity sha512-9TOQ7781sZvddgO8nxueKi3+yGvkY35kotA0Y6BWRajAv8jjmigQ1sBwz0UX47pQMYXJPahSKEKYFgt+rXdcug==
  dependencies:
    "@smithy/is-array-buffer" "^4.0.0"
    tslib "^2.6.2"

"@smithy/util-config-provider@^4.0.0":
  version "4.0.0"
  resolved "https://registry.yarnpkg.com/@smithy/util-config-provider/-/util-config-provider-4.0.0.tgz#e0c7c8124c7fba0b696f78f0bd0ccb060997d45e"
  integrity sha512-L1RBVzLyfE8OXH+1hsJ8p+acNUSirQnWQ6/EgpchV88G6zGBTDPdXiiExei6Z1wR2RxYvxY/XLw6AMNCCt8H3w==
  dependencies:
    tslib "^2.6.2"

"@smithy/util-defaults-mode-browser@^4.0.10":
  version "4.0.10"
  resolved "https://registry.yarnpkg.com/@smithy/util-defaults-mode-browser/-/util-defaults-mode-browser-4.0.10.tgz#50cc8aff3e1881848d574ea777439ff74a465550"
  integrity sha512-2k6fgUNOZ1Rn0gEjvGPGrDEINLG8qSBHsN7xlkkbO+fnHJ36BQPDzhFfMmYSDS8AgzoygqQiDOQ+6Hp2vBTUdA==
  dependencies:
    "@smithy/property-provider" "^4.0.2"
    "@smithy/smithy-client" "^4.2.2"
    "@smithy/types" "^4.2.0"
    bowser "^2.11.0"
    tslib "^2.6.2"

"@smithy/util-defaults-mode-node@^4.0.10":
  version "4.0.10"
  resolved "https://registry.yarnpkg.com/@smithy/util-defaults-mode-node/-/util-defaults-mode-node-4.0.10.tgz#f85b0a12fe3d1bc63e776ee8100d14055a211526"
  integrity sha512-2XR1WRglLVmoIFts7bODUTgBdVyvkfKNkydHrlsI5VxW9q3s1hnJCuY+f1OHzvj5ue23q4vydM2fjrMjf2HSdQ==
  dependencies:
    "@smithy/config-resolver" "^4.1.0"
    "@smithy/credential-provider-imds" "^4.0.2"
    "@smithy/node-config-provider" "^4.0.2"
    "@smithy/property-provider" "^4.0.2"
    "@smithy/smithy-client" "^4.2.2"
    "@smithy/types" "^4.2.0"
    tslib "^2.6.2"

"@smithy/util-endpoints@^3.0.2":
  version "3.0.2"
  resolved "https://registry.yarnpkg.com/@smithy/util-endpoints/-/util-endpoints-3.0.2.tgz#6933a0d6d4a349523ef71ca9540c9c0b222b559e"
  integrity sha512-6QSutU5ZyrpNbnd51zRTL7goojlcnuOB55+F9VBD+j8JpRY50IGamsjlycrmpn8PQkmJucFW8A0LSfXj7jjtLQ==
  dependencies:
    "@smithy/node-config-provider" "^4.0.2"
    "@smithy/types" "^4.2.0"
    tslib "^2.6.2"

"@smithy/util-hex-encoding@^4.0.0":
  version "4.0.0"
  resolved "https://registry.yarnpkg.com/@smithy/util-hex-encoding/-/util-hex-encoding-4.0.0.tgz#dd449a6452cffb37c5b1807ec2525bb4be551e8d"
  integrity sha512-Yk5mLhHtfIgW2W2WQZWSg5kuMZCVbvhFmC7rV4IO2QqnZdbEFPmQnCcGMAX2z/8Qj3B9hYYNjZOhWym+RwhePw==
  dependencies:
    tslib "^2.6.2"

"@smithy/util-middleware@^4.0.2":
  version "4.0.2"
  resolved "https://registry.yarnpkg.com/@smithy/util-middleware/-/util-middleware-4.0.2.tgz#272f1249664e27068ef0d5f967a233bf7b77962c"
  integrity sha512-6GDamTGLuBQVAEuQ4yDQ+ti/YINf/MEmIegrEeg7DdB/sld8BX1lqt9RRuIcABOhAGTA50bRbPzErez7SlDtDQ==
  dependencies:
    "@smithy/types" "^4.2.0"
    tslib "^2.6.2"

"@smithy/util-retry@^4.0.3":
  version "4.0.3"
  resolved "https://registry.yarnpkg.com/@smithy/util-retry/-/util-retry-4.0.3.tgz#42d54b3a100915b61c6f9bee43c966e96139584d"
  integrity sha512-DPuYjZQDXmKr/sNvy9Spu8R/ESa2e22wXZzSAY6NkjOLj6spbIje/Aq8rT97iUMdDj0qHMRIe+bTxvlU74d9Ng==
  dependencies:
    "@smithy/service-error-classification" "^4.0.3"
    "@smithy/types" "^4.2.0"
    tslib "^2.6.2"

"@smithy/util-stream@^4.2.0":
  version "4.2.0"
  resolved "https://registry.yarnpkg.com/@smithy/util-stream/-/util-stream-4.2.0.tgz#85f85516b0042726162bf619caa3358332195652"
  integrity sha512-Vj1TtwWnuWqdgQI6YTUF5hQ/0jmFiOYsc51CSMgj7QfyO+RF4EnT2HNjoviNlOOmgzgvf3f5yno+EiC4vrnaWQ==
  dependencies:
    "@smithy/fetch-http-handler" "^5.0.2"
    "@smithy/node-http-handler" "^4.0.4"
    "@smithy/types" "^4.2.0"
    "@smithy/util-base64" "^4.0.0"
    "@smithy/util-buffer-from" "^4.0.0"
    "@smithy/util-hex-encoding" "^4.0.0"
    "@smithy/util-utf8" "^4.0.0"
    tslib "^2.6.2"

"@smithy/util-uri-escape@^4.0.0":
  version "4.0.0"
  resolved "https://registry.yarnpkg.com/@smithy/util-uri-escape/-/util-uri-escape-4.0.0.tgz#a96c160c76f3552458a44d8081fade519d214737"
  integrity sha512-77yfbCbQMtgtTylO9itEAdpPXSog3ZxMe09AEhm0dU0NLTalV70ghDZFR+Nfi1C60jnJoh/Re4090/DuZh2Omg==
  dependencies:
    tslib "^2.6.2"

"@smithy/util-utf8@^2.0.0":
  version "2.3.0"
  resolved "https://registry.yarnpkg.com/@smithy/util-utf8/-/util-utf8-2.3.0.tgz#dd96d7640363259924a214313c3cf16e7dd329c5"
  integrity sha512-R8Rdn8Hy72KKcebgLiv8jQcQkXoLMOGGv5uI1/k0l+snqkOzQ1R0ChUBCxWMlBsFMekWjq0wRudIweFs7sKT5A==
  dependencies:
    "@smithy/util-buffer-from" "^2.2.0"
    tslib "^2.6.2"

"@smithy/util-utf8@^4.0.0":
  version "4.0.0"
  resolved "https://registry.yarnpkg.com/@smithy/util-utf8/-/util-utf8-4.0.0.tgz#09ca2d9965e5849e72e347c130f2a29d5c0c863c"
  integrity sha512-b+zebfKCfRdgNJDknHCob3O7FpeYQN6ZG6YLExMcasDHsCXlsXCEuiPZeLnJLpwa5dvPetGlnGCiMHuLwGvFow==
  dependencies:
    "@smithy/util-buffer-from" "^4.0.0"
    tslib "^2.6.2"

"@smithy/util-waiter@^4.0.3":
  version "4.0.3"
  resolved "https://registry.yarnpkg.com/@smithy/util-waiter/-/util-waiter-4.0.3.tgz#ec5605ec123493259ccbf1c0b5c1951b3360f43b"
  integrity sha512-JtaY3FxmD+te+KSI2FJuEcfNC9T/DGGVf551babM7fAaXhjJUt7oSYurH1Devxd2+BOSUACCgt3buinx4UnmEA==
  dependencies:
    "@smithy/abort-controller" "^4.0.2"
    "@smithy/types" "^4.2.0"
    tslib "^2.6.2"

bowser@^2.11.0:
  version "2.11.0"
  resolved "https://registry.yarnpkg.com/bowser/-/bowser-2.11.0.tgz#5ca3c35757a7aa5771500c70a73a9f91ef420a8f"
  integrity sha512-AlcaJBi/pqqJBIQ8U9Mcpc9i8Aqxn88Skv5d+xBX006BY5u8N3mGLHa5Lgppa7L/HfwgwLgZ6NYs+Ag6uUmJRA==

fast-xml-parser@4.4.1:
  version "4.4.1"
  resolved "https://registry.yarnpkg.com/fast-xml-parser/-/fast-xml-parser-4.4.1.tgz#86dbf3f18edf8739326447bcaac31b4ae7f6514f"
  integrity sha512-xkjOecfnKGkSsOwtZ5Pz7Us/T6mrbPQrq0nh+aCO5V9nk5NLWmasAHumTKjiPJPWANe+kAZ84Jc8ooJkzZ88Sw==
  dependencies:
    strnum "^1.0.5"

strnum@^1.0.5:
  version "1.0.5"
  resolved "https://registry.yarnpkg.com/strnum/-/strnum-1.0.5.tgz#5c4e829fe15ad4ff0d20c3db5ac97b73c9b072db"
  integrity sha512-J8bbNyKKXl5qYcR36TIO8W3mVGVHrmmxsd5PAItGkmyzwJvybiw2IVq5nqd0i4LSNSkB/sx9VHllbfFdr9k1JA==

tslib@^2.3.1:
  version "2.4.1"
  resolved "https://registry.yarnpkg.com/tslib/-/tslib-2.4.1.tgz#0d0bfbaac2880b91e22df0768e55be9753a5b17e"
  integrity sha512-tGyy4dAjRIEwI7BzsB0lynWgOpfqjUdq91XXAlIWD2OwKBH7oCl/GZG/HT4BOHrTlPMOASlMQ7veyTqpmRcrNA==

tslib@^2.6.2:
  version "2.8.1"
  resolved "https://registry.yarnpkg.com/tslib/-/tslib-2.8.1.tgz#612efe4ed235d567e8aba5f2a5fab70280ade83f"
  integrity sha512-oJFu94HQb+KVduSUQL7wnpmqnfmLsOA/nAh6b6EH0wCEoK0/mPeXU6c3wKDV83MkOuHPRHtSXKKU99IBazS/2w==

uuid@^9.0.1:
  version "9.0.1"
  resolved "https://registry.yarnpkg.com/uuid/-/uuid-9.0.1.tgz#e188d4c8853cc722220392c424cd637f32293f30"
  integrity sha512-b+1eJOlsR9K8HJpow9Ok3fiWOWSIcIzXodvv0rQjVoOVNpWMpxf1wZNpt4y9h10odCNrqnYp1OBzRktckBe3sA==
